
Microsoft Visual Studio Solution File, Format Version 12.00
# Visual Studio Version 17
VisualStudioVersion = 17.9.34728.123
MinimumVisualStudioVersion = 10.0.40219.1
Project("{FAE04EC0-301F-11D3-BF4B-00C04F79EFBC}") = "Listview", "Listview.csproj", "{56D8F2B9-0146-4A12-805B-EAF6F4843D5D}"
EndProject
Global
	GlobalSection(SolutionConfigurationPlatforms) = preSolution
		Debug|Any CPU = Debug|Any CPU
		Release|Any CPU = Release|Any CPU
	EndGlobalSection
	GlobalSection(ProjectConfigurationPlatforms) = postSolution
		{56D8F2B9-0146-4A12-805B-EAF6F4843D5D}.Debug|Any CPU.ActiveCfg = Debug|Any CPU
		{56D8F2B9-0146-4A12-805B-EAF6F4843D5D}.Debug|Any CPU.Build.0 = Debug|Any CPU
		{56D8F2B9-0146-4A12-805B-EAF6F4843D5D}.Release|Any CPU.ActiveCfg = Release|Any CPU
		{56D8F2B9-0146-4A12-805B-EAF6F4843D5D}.Release|Any CPU.Build.0 = Release|Any CPU
	EndGlobalSection
	GlobalSection(SolutionProperties) = preSolution
		HideSolutionNode = FALSE
	EndGlobalSection
	GlobalSection(ExtensibilityGlobals) = postSolution
		SolutionGuid = {E14C172B-5855-4F33-83BC-034ECC5B7DA5}
	EndGlobalSection
EndGlobal
