
Microsoft Visual Studio Solution File, Format Version 12.00
# Visual Studio Version 17
VisualStudioVersion = 17.9.34728.123
MinimumVisualStudioVersion = 10.0.40219.1
Project("{FAE04EC0-301F-11D3-BF4B-00C04F79EFBC}") = "FlappyBird", "FlappyBird.csproj", "{2BC52F38-A6C8-4747-9C43-D1E216D6454B}"
EndProject
Global
	GlobalSection(SolutionConfigurationPlatforms) = preSolution
		Debug|Any CPU = Debug|Any CPU
		Release|Any CPU = Release|Any CPU
	EndGlobalSection
	GlobalSection(ProjectConfigurationPlatforms) = postSolution
		{2BC52F38-A6C8-4747-9C43-D1E216D6454B}.Debug|Any CPU.ActiveCfg = Debug|Any CPU
		{2BC52F38-A6C8-4747-9C43-D1E216D6454B}.Debug|Any CPU.Build.0 = Debug|Any CPU
		{2BC52F38-A6C8-4747-9C43-D1E216D6454B}.Release|Any CPU.ActiveCfg = Release|Any CPU
		{2BC52F38-A6C8-4747-9C43-D1E216D6454B}.Release|Any CPU.Build.0 = Release|Any CPU
	EndGlobalSection
	GlobalSection(SolutionProperties) = preSolution
		HideSolutionNode = FALSE
	EndGlobalSection
	GlobalSection(ExtensibilityGlobals) = postSolution
		SolutionGuid = {F05DE545-0201-4702-9E9F-5BAC74F2E54E}
	EndGlobalSection
EndGlobal
