
Microsoft Visual Studio Solution File, Format Version 12.00
# Visual Studio Version 17
VisualStudioVersion = 17.9.34728.123
MinimumVisualStudioVersion = 10.0.40219.1
Project("{FAE04EC0-301F-11D3-BF4B-00C04F79EFBC}") = "WindowsFormsTestApp", "WindowsFormsTestApp.csproj", "{7FF31555-76C6-4AEE-952A-AC4675F47AA4}"
EndProject
Global
	GlobalSection(SolutionConfigurationPlatforms) = preSolution
		Debug|Any CPU = Debug|Any CPU
		Release|Any CPU = Release|Any CPU
	EndGlobalSection
	GlobalSection(ProjectConfigurationPlatforms) = postSolution
		{7FF31555-76C6-4AEE-952A-AC4675F47AA4}.Debug|Any CPU.ActiveCfg = Debug|Any CPU
		{7FF31555-76C6-4AEE-952A-AC4675F47AA4}.Debug|Any CPU.Build.0 = Debug|Any CPU
		{7FF31555-76C6-4AEE-952A-AC4675F47AA4}.Release|Any CPU.ActiveCfg = Release|Any CPU
		{7FF31555-76C6-4AEE-952A-AC4675F47AA4}.Release|Any CPU.Build.0 = Release|Any CPU
	EndGlobalSection
	GlobalSection(SolutionProperties) = preSolution
		HideSolutionNode = FALSE
	EndGlobalSection
	GlobalSection(ExtensibilityGlobals) = postSolution
		SolutionGuid = {DC9AFDB9-546A-43C3-AA93-6F00618C96F6}
	EndGlobalSection
EndGlobal
